
Microsoft Visual Studio Solution File, Format Version 11.00
# Visual Studio 2010
Project("{FAE04EC0-301F-11D3-BF4B-00C04F79EFBC}") = "EventStreams", "EventStreams\EventStreams.csproj", "{BF0048D3-C7B2-4D31-BD26-49EA846455E8}"
EndProject
Project("{FAE04EC0-301F-11D3-BF4B-00C04F79EFBC}") = "EventStreams.Tests", "EventStreams.Tests\EventStreams.Tests.csproj", "{2FEABB25-7F6E-4F1B-8BD5-305669C8014B}"
EndProject
Project("{2150E333-8FDC-42A3-9474-1A3956D46DE8}") = "Solution Items", "Solution Items", "{4C0AF48D-A5C3-4CB6-9914-32CED5FBC459}"
	ProjectSection(SolutionItems) = preProject
		.hgignore = .hgignore
		CommonAssemblyInfo.cs = CommonAssemblyInfo.cs
		StrongName.pk = StrongName.pk
		StrongName.snk = StrongName.snk
	EndProjectSection
EndProject
Project("{FAE04EC0-301F-11D3-BF4B-00C04F79EFBC}") = "EventStreams.Tests.Performance", "EventStreams.Tests.Performance\EventStreams.Tests.Performance.csproj", "{4698D6DD-9A4A-4C4F-902F-3534E446B37A}"
EndProject
Project("{FAE04EC0-301F-11D3-BF4B-00C04F79EFBC}") = "EventStreams.Core", "EventStreams.Core\EventStreams.Core.csproj", "{510E17FE-9418-4148-A58B-066E2D98C52C}"
EndProject
Project("{2150E333-8FDC-42A3-9474-1A3956D46DE8}") = ".nuget", ".nuget", "{90E0717F-6E07-45FB-9824-6FB41BB3BE68}"
	ProjectSection(SolutionItems) = preProject
		.nuget\NuGet.Config = .nuget\NuGet.Config
		.nuget\nuget.exe = .nuget\nuget.exe
		.nuget\NuGet.targets = .nuget\NuGet.targets
	EndProjectSection
EndProject
Project("{FAE04EC0-301F-11D3-BF4B-00C04F79EFBC}") = "EventStreams.Tests.Domain", "EventStreams.Tests.Domain\EventStreams.Tests.Domain.csproj", "{6F890369-D7DD-4A2D-8590-E4550F8647A0}"
EndProject
Global
	GlobalSection(SolutionConfigurationPlatforms) = preSolution
		Debug|Any CPU = Debug|Any CPU
		Debug|Mixed Platforms = Debug|Mixed Platforms
		Debug|x86 = Debug|x86
		Release|Any CPU = Release|Any CPU
		Release|Mixed Platforms = Release|Mixed Platforms
		Release|x86 = Release|x86
	EndGlobalSection
	GlobalSection(ProjectConfigurationPlatforms) = postSolution
		{BF0048D3-C7B2-4D31-BD26-49EA846455E8}.Debug|Any CPU.ActiveCfg = Debug|Any CPU
		{BF0048D3-C7B2-4D31-BD26-49EA846455E8}.Debug|Any CPU.Build.0 = Debug|Any CPU
		{BF0048D3-C7B2-4D31-BD26-49EA846455E8}.Debug|Mixed Platforms.ActiveCfg = Debug|Any CPU
		{BF0048D3-C7B2-4D31-BD26-49EA846455E8}.Debug|Mixed Platforms.Build.0 = Debug|Any CPU
		{BF0048D3-C7B2-4D31-BD26-49EA846455E8}.Debug|x86.ActiveCfg = Debug|Any CPU
		{BF0048D3-C7B2-4D31-BD26-49EA846455E8}.Release|Any CPU.ActiveCfg = Release|Any CPU
		{BF0048D3-C7B2-4D31-BD26-49EA846455E8}.Release|Any CPU.Build.0 = Release|Any CPU
		{BF0048D3-C7B2-4D31-BD26-49EA846455E8}.Release|Mixed Platforms.ActiveCfg = Release|Any CPU
		{BF0048D3-C7B2-4D31-BD26-49EA846455E8}.Release|Mixed Platforms.Build.0 = Release|Any CPU
		{BF0048D3-C7B2-4D31-BD26-49EA846455E8}.Release|x86.ActiveCfg = Release|Any CPU
		{2FEABB25-7F6E-4F1B-8BD5-305669C8014B}.Debug|Any CPU.ActiveCfg = Debug|Any CPU
		{2FEABB25-7F6E-4F1B-8BD5-305669C8014B}.Debug|Any CPU.Build.0 = Debug|Any CPU
		{2FEABB25-7F6E-4F1B-8BD5-305669C8014B}.Debug|Mixed Platforms.ActiveCfg = Debug|Any CPU
		{2FEABB25-7F6E-4F1B-8BD5-305669C8014B}.Debug|Mixed Platforms.Build.0 = Debug|Any CPU
		{2FEABB25-7F6E-4F1B-8BD5-305669C8014B}.Debug|x86.ActiveCfg = Debug|Any CPU
		{2FEABB25-7F6E-4F1B-8BD5-305669C8014B}.Release|Any CPU.ActiveCfg = Release|Any CPU
		{2FEABB25-7F6E-4F1B-8BD5-305669C8014B}.Release|Any CPU.Build.0 = Release|Any CPU
		{2FEABB25-7F6E-4F1B-8BD5-305669C8014B}.Release|Mixed Platforms.ActiveCfg = Release|Any CPU
		{2FEABB25-7F6E-4F1B-8BD5-305669C8014B}.Release|Mixed Platforms.Build.0 = Release|Any CPU
		{2FEABB25-7F6E-4F1B-8BD5-305669C8014B}.Release|x86.ActiveCfg = Release|Any CPU
		{4698D6DD-9A4A-4C4F-902F-3534E446B37A}.Debug|Any CPU.ActiveCfg = Debug|x86
		{4698D6DD-9A4A-4C4F-902F-3534E446B37A}.Debug|Mixed Platforms.ActiveCfg = Debug|x86
		{4698D6DD-9A4A-4C4F-902F-3534E446B37A}.Debug|Mixed Platforms.Build.0 = Debug|x86
		{4698D6DD-9A4A-4C4F-902F-3534E446B37A}.Debug|x86.ActiveCfg = Debug|x86
		{4698D6DD-9A4A-4C4F-902F-3534E446B37A}.Debug|x86.Build.0 = Debug|x86
		{4698D6DD-9A4A-4C4F-902F-3534E446B37A}.Release|Any CPU.ActiveCfg = Release|x86
		{4698D6DD-9A4A-4C4F-902F-3534E446B37A}.Release|Mixed Platforms.ActiveCfg = Release|x86
		{4698D6DD-9A4A-4C4F-902F-3534E446B37A}.Release|Mixed Platforms.Build.0 = Release|x86
		{4698D6DD-9A4A-4C4F-902F-3534E446B37A}.Release|x86.ActiveCfg = Release|x86
		{4698D6DD-9A4A-4C4F-902F-3534E446B37A}.Release|x86.Build.0 = Release|x86
		{510E17FE-9418-4148-A58B-066E2D98C52C}.Debug|Any CPU.ActiveCfg = Debug|Any CPU
		{510E17FE-9418-4148-A58B-066E2D98C52C}.Debug|Any CPU.Build.0 = Debug|Any CPU
		{510E17FE-9418-4148-A58B-066E2D98C52C}.Debug|Mixed Platforms.ActiveCfg = Debug|Any CPU
		{510E17FE-9418-4148-A58B-066E2D98C52C}.Debug|Mixed Platforms.Build.0 = Debug|Any CPU
		{510E17FE-9418-4148-A58B-066E2D98C52C}.Debug|x86.ActiveCfg = Debug|Any CPU
		{510E17FE-9418-4148-A58B-066E2D98C52C}.Release|Any CPU.ActiveCfg = Release|Any CPU
		{510E17FE-9418-4148-A58B-066E2D98C52C}.Release|Any CPU.Build.0 = Release|Any CPU
		{510E17FE-9418-4148-A58B-066E2D98C52C}.Release|Mixed Platforms.ActiveCfg = Release|Any CPU
		{510E17FE-9418-4148-A58B-066E2D98C52C}.Release|Mixed Platforms.Build.0 = Release|Any CPU
		{510E17FE-9418-4148-A58B-066E2D98C52C}.Release|x86.ActiveCfg = Release|Any CPU
		{6F890369-D7DD-4A2D-8590-E4550F8647A0}.Debug|Any CPU.ActiveCfg = Debug|Any CPU
		{6F890369-D7DD-4A2D-8590-E4550F8647A0}.Debug|Any CPU.Build.0 = Debug|Any CPU
		{6F890369-D7DD-4A2D-8590-E4550F8647A0}.Debug|Mixed Platforms.ActiveCfg = Debug|Any CPU
		{6F890369-D7DD-4A2D-8590-E4550F8647A0}.Debug|Mixed Platforms.Build.0 = Debug|Any CPU
		{6F890369-D7DD-4A2D-8590-E4550F8647A0}.Debug|x86.ActiveCfg = Debug|Any CPU
		{6F890369-D7DD-4A2D-8590-E4550F8647A0}.Release|Any CPU.ActiveCfg = Release|Any CPU
		{6F890369-D7DD-4A2D-8590-E4550F8647A0}.Release|Any CPU.Build.0 = Release|Any CPU
		{6F890369-D7DD-4A2D-8590-E4550F8647A0}.Release|Mixed Platforms.ActiveCfg = Release|Any CPU
		{6F890369-D7DD-4A2D-8590-E4550F8647A0}.Release|Mixed Platforms.Build.0 = Release|Any CPU
		{6F890369-D7DD-4A2D-8590-E4550F8647A0}.Release|x86.ActiveCfg = Release|Any CPU
	EndGlobalSection
	GlobalSection(SolutionProperties) = preSolution
		HideSolutionNode = FALSE
	EndGlobalSection
EndGlobal
