
Microsoft Visual Studio Solution File, Format Version 11.00
# Visual Studio 2010
Project("{FAE04EC0-301F-11D3-BF4B-00C04F79EFBC}") = "EventStreams", "EventStreams.csproj", "{BF0048D3-C7B2-4D31-BD26-49EA846455E8}"
EndProject
Project("{FAE04EC0-301F-11D3-BF4B-00C04F79EFBC}") = "EventStreams.Tests", "..\EventStreams.Tests\EventStreams.Tests.csproj", "{2FEABB25-7F6E-4F1B-8BD5-305669C8014B}"
EndProject
Global
	GlobalSection(SolutionConfigurationPlatforms) = preSolution
		Debug|Any CPU = Debug|Any CPU
		Release|Any CPU = Release|Any CPU
	EndGlobalSection
	GlobalSection(ProjectConfigurationPlatforms) = postSolution
		{BF0048D3-C7B2-4D31-BD26-49EA846455E8}.Debug|Any CPU.ActiveCfg = Debug|Any CPU
		{BF0048D3-C7B2-4D31-BD26-49EA846455E8}.Debug|Any CPU.Build.0 = Debug|Any CPU
		{BF0048D3-C7B2-4D31-BD26-49EA846455E8}.Release|Any CPU.ActiveCfg = Release|Any CPU
		{BF0048D3-C7B2-4D31-BD26-49EA846455E8}.Release|Any CPU.Build.0 = Release|Any CPU
		{2FEABB25-7F6E-4F1B-8BD5-305669C8014B}.Debug|Any CPU.ActiveCfg = Debug|Any CPU
		{2FEABB25-7F6E-4F1B-8BD5-305669C8014B}.Debug|Any CPU.Build.0 = Debug|Any CPU
		{2FEABB25-7F6E-4F1B-8BD5-305669C8014B}.Release|Any CPU.ActiveCfg = Release|Any CPU
		{2FEABB25-7F6E-4F1B-8BD5-305669C8014B}.Release|Any CPU.Build.0 = Release|Any CPU
	EndGlobalSection
	GlobalSection(SolutionProperties) = preSolution
		HideSolutionNode = FALSE
	EndGlobalSection
EndGlobal
